
Microsoft Visual Studio Solution File, Format Version 12.00
# Visual Studio Version 17
VisualStudioVersion = 17.7.34003.232
MinimumVisualStudioVersion = 10.0.40219.1
Project("{FAE04EC0-301F-11D3-BF4B-00C04F79EFBC}") = "FortuneTeller", "FortuneTeller\FortuneTeller.csproj", "{A279CF03-346F-496D-A88B-F8364269488D}"
EndProject
Global
	GlobalSection(SolutionConfigurationPlatforms) = preSolution
		Debug|Any CPU = Debug|Any CPU
		Release|Any CPU = Release|Any CPU
	EndGlobalSection
	GlobalSection(ProjectConfigurationPlatforms) = postSolution
		{A279CF03-346F-496D-A88B-F8364269488D}.Debug|Any CPU.ActiveCfg = Debug|Any CPU
		{A279CF03-346F-496D-A88B-F8364269488D}.Debug|Any CPU.Build.0 = Debug|Any CPU
		{A279CF03-346F-496D-A88B-F8364269488D}.Release|Any CPU.ActiveCfg = Release|Any CPU
		{A279CF03-346F-496D-A88B-F8364269488D}.Release|Any CPU.Build.0 = Release|Any CPU
	EndGlobalSection
	GlobalSection(SolutionProperties) = preSolution
		HideSolutionNode = FALSE
	EndGlobalSection
	GlobalSection(ExtensibilityGlobals) = postSolution
		SolutionGuid = {C0081EA4-D101-4AD0-9653-68952BCAACEC}
	EndGlobalSection
EndGlobal
